
Microsoft Visual Studio Solution File, Format Version 12.00
# Visual Studio Version 16
VisualStudioVersion = 16.0.31729.503
MinimumVisualStudioVersion = 10.0.40219.1
Project("{FAE04EC0-301F-11D3-BF4B-00C04F79EFBC}") = "TH04-CNPMNC", "TH04-CNPMNC\TH04-CNPMNC.csproj", "{7592AC83-1D89-4303-8D88-2B818D909D3B}"
EndProject
Global
	GlobalSection(SolutionConfigurationPlatforms) = preSolution
		Debug|Any CPU = Debug|Any CPU
		Release|Any CPU = Release|Any CPU
	EndGlobalSection
	GlobalSection(ProjectConfigurationPlatforms) = postSolution
		{7592AC83-1D89-4303-8D88-2B818D909D3B}.Debug|Any CPU.ActiveCfg = Debug|Any CPU
		{7592AC83-1D89-4303-8D88-2B818D909D3B}.Debug|Any CPU.Build.0 = Debug|Any CPU
		{7592AC83-1D89-4303-8D88-2B818D909D3B}.Release|Any CPU.ActiveCfg = Release|Any CPU
		{7592AC83-1D89-4303-8D88-2B818D909D3B}.Release|Any CPU.Build.0 = Release|Any CPU
	EndGlobalSection
	GlobalSection(SolutionProperties) = preSolution
		HideSolutionNode = FALSE
	EndGlobalSection
	GlobalSection(ExtensibilityGlobals) = postSolution
		SolutionGuid = {DC2E1530-EEE3-4B53-BD30-598E80F1A5B7}
	EndGlobalSection
EndGlobal
